
Microsoft Visual Studio Solution File, Format Version 12.00
# Visual Studio Version 17
VisualStudioVersion = 17.5.002.0
MinimumVisualStudioVersion = 10.0.40219.1
Project("{9A19103F-16F7-4668-BE54-9A1E7A4F7556}") = "zadanie 3-1", "zadanie 3-1.csproj", "{9E6BEC80-AD4B-4AE7-80D6-C2D5DB43F78E}"
EndProject
Global
	GlobalSection(SolutionConfigurationPlatforms) = preSolution
		Debug|Any CPU = Debug|Any CPU
		Release|Any CPU = Release|Any CPU
	EndGlobalSection
	GlobalSection(ProjectConfigurationPlatforms) = postSolution
		{9E6BEC80-AD4B-4AE7-80D6-C2D5DB43F78E}.Debug|Any CPU.ActiveCfg = Debug|Any CPU
		{9E6BEC80-AD4B-4AE7-80D6-C2D5DB43F78E}.Debug|Any CPU.Build.0 = Debug|Any CPU
		{9E6BEC80-AD4B-4AE7-80D6-C2D5DB43F78E}.Release|Any CPU.ActiveCfg = Release|Any CPU
		{9E6BEC80-AD4B-4AE7-80D6-C2D5DB43F78E}.Release|Any CPU.Build.0 = Release|Any CPU
	EndGlobalSection
	GlobalSection(SolutionProperties) = preSolution
		HideSolutionNode = FALSE
	EndGlobalSection
	GlobalSection(ExtensibilityGlobals) = postSolution
		SolutionGuid = {53D9343A-3171-464C-ABF0-38DE85AF9360}
	EndGlobalSection
EndGlobal
